
Microsoft Visual Studio Solution File, Format Version 12.00
# Visual Studio 2012
Project("{FAE04EC0-301F-11D3-BF4B-00C04F79EFBC}") = "Example1", "CodedUITestProject2\Example1.csproj", "{61614D92-C279-4BCA-843A-A8813D290AC4}"
EndProject
Global
	GlobalSection(SolutionConfigurationPlatforms) = preSolution
		Debug|Any CPU = Debug|Any CPU
		Release|Any CPU = Release|Any CPU
	EndGlobalSection
	GlobalSection(ProjectConfigurationPlatforms) = postSolution
		{61614D92-C279-4BCA-843A-A8813D290AC4}.Debug|Any CPU.ActiveCfg = Debug|Any CPU
		{61614D92-C279-4BCA-843A-A8813D290AC4}.Debug|Any CPU.Build.0 = Debug|Any CPU
		{61614D92-C279-4BCA-843A-A8813D290AC4}.Release|Any CPU.ActiveCfg = Release|Any CPU
		{61614D92-C279-4BCA-843A-A8813D290AC4}.Release|Any CPU.Build.0 = Release|Any CPU
	EndGlobalSection
	GlobalSection(SolutionProperties) = preSolution
		HideSolutionNode = FALSE
	EndGlobalSection
EndGlobal
